// !$*UTF8*$!
{
	archiveVersion = 1;
	classes = {
	};
	objectVersion = 46;
	objects = {

/* Begin PBXBuildFile section */
		A1E727DD1BB1466000C387F2 /* AppDelegate.swift in Sources */ = {isa = PBXBuildFile; fileRef = A1E727DC1BB1466000C387F2 /* AppDelegate.swift */; };
		A1E727DF1BB1466000C387F2 /* ViewController.swift in Sources */ = {isa = PBXBuildFile; fileRef = A1E727DE1BB1466000C387F2 /* ViewController.swift */; };
		A1E727E21BB1466000C387F2 /* Main.storyboard in Resources */ = {isa = PBXBuildFile; fileRef = A1E727E01BB1466000C387F2 /* Main.storyboard */; };
		A1E727E41BB1466000C387F2 /* Assets.xcassets in Resources */ = {isa = PBXBuildFile; fileRef = A1E727E31BB1466000C387F2 /* Assets.xcassets */; };
		A1E727E71BB1466000C387F2 /* LaunchScreen.storyboard in Resources */ = {isa = PBXBuildFile; fileRef = A1E727E51BB1466000C387F2 /* LaunchScreen.storyboard */; };
		A1E727F21BB1466000C387F2 /* FloatingHeartTests.swift in Sources */ = {isa = PBXBuildFile; fileRef = A1E727F11BB1466000C387F2 /* FloatingHeartTests.swift */; };
		A1E727FD1BB1466000C387F2 /* FloatingHeartUITests.swift in Sources */ = {isa = PBXBuildFile; fileRef = A1E727FC1BB1466000C387F2 /* FloatingHeartUITests.swift */; };
		A1E7280D1BB146A400C387F2 /* HeartView.swift in Sources */ = {isa = PBXBuildFile; fileRef = A1E7280C1BB146A400C387F2 /* HeartView.swift */; settings = {ASSET_TAGS = (); }; };
		A1E7280F1BB20A8100C387F2 /* Helpers.swift in Sources */ = {isa = PBXBuildFile; fileRef = A1E7280E1BB20A8100C387F2 /* Helpers.swift */; settings = {ASSET_TAGS = (); }; };
/* End PBXBuildFile section */

/* Begin PBXContainerItemProxy section */
		A1E727EE1BB1466000C387F2 /* PBXContainerItemProxy */ = {
			isa = PBXContainerItemProxy;
			containerPortal = A1E727D11BB1466000C387F2 /* Project object */;
			proxyType = 1;
			remoteGlobalIDString = A1E727D81BB1466000C387F2;
			remoteInfo = FloatingHeart;
		};
		A1E727F91BB1466000C387F2 /* PBXContainerItemProxy */ = {
			isa = PBXContainerItemProxy;
			containerPortal = A1E727D11BB1466000C387F2 /* Project object */;
			proxyType = 1;
			remoteGlobalIDString = A1E727D81BB1466000C387F2;
			remoteInfo = FloatingHeart;
		};
/* End PBXContainerItemProxy section */

/* Begin PBXFileReference section */
		A1E727D91BB1466000C387F2 /* FloatingHeart.app */ = {isa = PBXFileReference; explicitFileType = wrapper.application; includeInIndex = 0; path = FloatingHeart.app; sourceTree = BUILT_PRODUCTS_DIR; };
		A1E727DC1BB1466000C387F2 /* AppDelegate.swift */ = {isa = PBXFileReference; lastKnownFileType = sourcecode.swift; path = AppDelegate.swift; sourceTree = "<group>"; };
		A1E727DE1BB1466000C387F2 /* ViewController.swift */ = {isa = PBXFileReference; lastKnownFileType = sourcecode.swift; path = ViewController.swift; sourceTree = "<group>"; };
		A1E727E11BB1466000C387F2 /* Base */ = {isa = PBXFileReference; lastKnownFileType = file.storyboard; name = Base; path = Base.lproj/Main.storyboard; sourceTree = "<group>"; };
		A1E727E31BB1466000C387F2 /* Assets.xcassets */ = {isa = PBXFileReference; lastKnownFileType = folder.assetcatalog; path = Assets.xcassets; sourceTree = "<group>"; };
		A1E727E61BB1466000C387F2 /* Base */ = {isa = PBXFileReference; lastKnownFileType = file.storyboard; name = Base; path = Base.lproj/LaunchScreen.storyboard; sourceTree = "<group>"; };
		A1E727E81BB1466000C387F2 /* Info.plist */ = {isa = PBXFileReference; lastKnownFileType = text.plist.xml; path = Info.plist; sourceTree = "<group>"; };
		A1E727ED1BB1466000C387F2 /* FloatingHeartTests.xctest */ = {isa = PBXFileReference; explicitFileType = wrapper.cfbundle; includeInIndex = 0; path = FloatingHeartTests.xctest; sourceTree = BUILT_PRODUCTS_DIR; };
		A1E727F11BB1466000C387F2 /* FloatingHeartTests.swift */ = {isa = PBXFileReference; lastKnownFileType = sourcecode.swift; path = FloatingHeartTests.swift; sourceTree = "<group>"; };
		A1E727F31BB1466000C387F2 /* Info.plist */ = {isa = PBXFileReference; lastKnownFileType = text.plist.xml; path = Info.plist; sourceTree = "<group>"; };
		A1E727F81BB1466000C387F2 /* FloatingHeartUITests.xctest */ = {isa = PBXFileReference; explicitFileType = wrapper.cfbundle; includeInIndex = 0; path = FloatingHeartUITests.xctest; sourceTree = BUILT_PRODUCTS_DIR; };
		A1E727FC1BB1466000C387F2 /* FloatingHeartUITests.swift */ = {isa = PBXFileReference; lastKnownFileType = sourcecode.swift; path = FloatingHeartUITests.swift; sourceTree = "<group>"; };
		A1E727FE1BB1466000C387F2 /* Info.plist */ = {isa = PBXFileReference; lastKnownFileType = text.plist.xml; path = Info.plist; sourceTree = "<group>"; };
		A1E7280C1BB146A400C387F2 /* HeartView.swift */ = {isa = PBXFileReference; fileEncoding = 4; lastKnownFileType = sourcecode.swift; path = HeartView.swift; sourceTree = "<group>"; };
		A1E7280E1BB20A8100C387F2 /* Helpers.swift */ = {isa = PBXFileReference; fileEncoding = 4; lastKnownFileType = sourcecode.swift; path = Helpers.swift; sourceTree = "<group>"; };
/* End PBXFileReference section */

/* Begin PBXFrameworksBuildPhase section */
		A1E727D61BB1466000C387F2 /* Frameworks */ = {
			isa = PBXFrameworksBuildPhase;
			buildActionMask = 2147483647;
			files = (
			);
			runOnlyForDeploymentPostprocessing = 0;
		};
		A1E727EA1BB1466000C387F2 /* Frameworks */ = {
			isa = PBXFrameworksBuildPhase;
			buildActionMask = 2147483647;
			files = (
			);
			runOnlyForDeploymentPostprocessing = 0;
		};
		A1E727F51BB1466000C387F2 /* Frameworks */ = {
			isa = PBXFrameworksBuildPhase;
			buildActionMask = 2147483647;
			files = (
			);
			runOnlyForDeploymentPostprocessing = 0;
		};
/* End PBXFrameworksBuildPhase section */

/* Begin PBXGroup section */
		A1E727D01BB1466000C387F2 = {
			isa = PBXGroup;
			children = (
				A1E727DB1BB1466000C387F2 /* FloatingHeart */,
				A1E727F01BB1466000C387F2 /* FloatingHeartTests */,
				A1E727FB1BB1466000C387F2 /* FloatingHeartUITests */,
				A1E727DA1BB1466000C387F2 /* Products */,
			);
			sourceTree = "<group>";
		};
		A1E727DA1BB1466000C387F2 /* Products */ = {
			isa = PBXGroup;
			children = (
				A1E727D91BB1466000C387F2 /* FloatingHeart.app */,
				A1E727ED1BB1466000C387F2 /* FloatingHeartTests.xctest */,
				A1E727F81BB1466000C387F2 /* FloatingHeartUITests.xctest */,
			);
			name = Products;
			sourceTree = "<group>";
		};
		A1E727DB1BB1466000C387F2 /* FloatingHeart */ = {
			isa = PBXGroup;
			children = (
				A1E727DC1BB1466000C387F2 /* AppDelegate.swift */,
				A1E7280E1BB20A8100C387F2 /* Helpers.swift */,
				A1E7280A1BB1467100C387F2 /* ViewControllers */,
				A1E7280B1BB1467F00C387F2 /* Views */,
				A1E727E01BB1466000C387F2 /* Main.storyboard */,
				A1E727E31BB1466000C387F2 /* Assets.xcassets */,
				A1E727E51BB1466000C387F2 /* LaunchScreen.storyboard */,
				A1E727E81BB1466000C387F2 /* Info.plist */,
			);
			path = FloatingHeart;
			sourceTree = "<group>";
		};
		A1E727F01BB1466000C387F2 /* FloatingHeartTests */ = {
			isa = PBXGroup;
			children = (
				A1E727F11BB1466000C387F2 /* FloatingHeartTests.swift */,
				A1E727F31BB1466000C387F2 /* Info.plist */,
			);
			path = FloatingHeartTests;
			sourceTree = "<group>";
		};
		A1E727FB1BB1466000C387F2 /* FloatingHeartUITests */ = {
			isa = PBXGroup;
			children = (
				A1E727FC1BB1466000C387F2 /* FloatingHeartUITests.swift */,
				A1E727FE1BB1466000C387F2 /* Info.plist */,
			);
			path = FloatingHeartUITests;
			sourceTree = "<group>";
		};
		A1E7280A1BB1467100C387F2 /* ViewControllers */ = {
			isa = PBXGroup;
			children = (
				A1E727DE1BB1466000C387F2 /* ViewController.swift */,
			);
			name = ViewControllers;
			sourceTree = "<group>";
		};
		A1E7280B1BB1467F00C387F2 /* Views */ = {
			isa = PBXGroup;
			children = (
				A1E7280C1BB146A400C387F2 /* HeartView.swift */,
			);
			name = Views;
			sourceTree = "<group>";
		};
/* End PBXGroup section */

/* Begin PBXNativeTarget section */
		A1E727D81BB1466000C387F2 /* FloatingHeart */ = {
			isa = PBXNativeTarget;
			buildConfigurationList = A1E728011BB1466000C387F2 /* Build configuration list for PBXNativeTarget "FloatingHeart" */;
			buildPhases = (
				A1E727D51BB1466000C387F2 /* Sources */,
				A1E727D61BB1466000C387F2 /* Frameworks */,
				A1E727D71BB1466000C387F2 /* Resources */,
			);
			buildRules = (
			);
			dependencies = (
			);
			name = FloatingHeart;
			productName = FloatingHeart;
			productReference = A1E727D91BB1466000C387F2 /* FloatingHeart.app */;
			productType = "com.apple.product-type.application";
		};
		A1E727EC1BB1466000C387F2 /* FloatingHeartTests */ = {
			isa = PBXNativeTarget;
			buildConfigurationList = A1E728041BB1466000C387F2 /* Build configuration list for PBXNativeTarget "FloatingHeartTests" */;
			buildPhases = (
				A1E727E91BB1466000C387F2 /* Sources */,
				A1E727EA1BB1466000C387F2 /* Frameworks */,
				A1E727EB1BB1466000C387F2 /* Resources */,
			);
			buildRules = (
			);
			dependencies = (
				A1E727EF1BB1466000C387F2 /* PBXTargetDependency */,
			);
			name = FloatingHeartTests;
			productName = FloatingHeartTests;
			productReference = A1E727ED1BB1466000C387F2 /* FloatingHeartTests.xctest */;
			productType = "com.apple.product-type.bundle.unit-test";
		};
		A1E727F71BB1466000C387F2 /* FloatingHeartUITests */ = {
			isa = PBXNativeTarget;
			buildConfigurationList = A1E728071BB1466000C387F2 /* Build configuration list for PBXNativeTarget "FloatingHeartUITests" */;
			buildPhases = (
				A1E727F41BB1466000C387F2 /* Sources */,
				A1E727F51BB1466000C387F2 /* Frameworks */,
				A1E727F61BB1466000C387F2 /* Resources */,
			);
			buildRules = (
			);
			dependencies = (
				A1E727FA1BB1466000C387F2 /* PBXTargetDependency */,
			);
			name = FloatingHeartUITests;
			productName = FloatingHeartUITests;
			productReference = A1E727F81BB1466000C387F2 /* FloatingHeartUITests.xctest */;
			productType = "com.apple.product-type.bundle.ui-testing";
		};
/* End PBXNativeTarget section */

/* Begin PBXProject section */
		A1E727D11BB1466000C387F2 /* Project object */ = {
			isa = PBXProject;
			attributes = {
				LastUpgradeCheck = 0700;
				ORGANIZATIONNAME = "Said Marouf";
				TargetAttributes = {
					A1E727D81BB1466000C387F2 = {
						CreatedOnToolsVersion = 7.0;
					};
					A1E727EC1BB1466000C387F2 = {
						CreatedOnToolsVersion = 7.0;
						TestTargetID = A1E727D81BB1466000C387F2;
					};
					A1E727F71BB1466000C387F2 = {
						CreatedOnToolsVersion = 7.0;
						TestTargetID = A1E727D81BB1466000C387F2;
					};
				};
			};
			buildConfigurationList = A1E727D41BB1466000C387F2 /* Build configuration list for PBXProject "FloatingHeart" */;
			compatibilityVersion = "Xcode 3.2";
			developmentRegion = English;
			hasScannedForEncodings = 0;
			knownRegions = (
				en,
				Base,
			);
			mainGroup = A1E727D01BB1466000C387F2;
			productRefGroup = A1E727DA1BB1466000C387F2 /* Products */;
			projectDirPath = "";
			projectRoot = "";
			targets = (
				A1E727D81BB1466000C387F2 /* FloatingHeart */,
				A1E727EC1BB1466000C387F2 /* FloatingHeartTests */,
				A1E727F71BB1466000C387F2 /* FloatingHeartUITests */,
			);
		};
/* End PBXProject section */

/* Begin PBXResourcesBuildPhase section */
		A1E727D71BB1466000C387F2 /* Resources */ = {
			isa = PBXResourcesBuildPhase;
			buildActionMask = 2147483647;
			files = (
				A1E727E71BB1466000C387F2 /* LaunchScreen.storyboard in Resources */,
				A1E727E41BB1466000C387F2 /* Assets.xcassets in Resources */,
				A1E727E21BB1466000C387F2 /* Main.storyboard in Resources */,
			);
			runOnlyForDeploymentPostprocessing = 0;
		};
		A1E727EB1BB1466000C387F2 /* Resources */ = {
			isa = PBXResourcesBuildPhase;
			buildActionMask = 2147483647;
			files = (
			);
			runOnlyForDeploymentPostprocessing = 0;
		};
		A1E727F61BB1466000C387F2 /* Resources */ = {
			isa = PBXResourcesBuildPhase;
			buildActionMask = 2147483647;
			files = (
			);
			runOnlyForDeploymentPostprocessing = 0;
		};
/* End PBXResourcesBuildPhase section */

/* Begin PBXSourcesBuildPhase section */
		A1E727D51BB1466000C387F2 /* Sources */ = {
			isa = PBXSourcesBuildPhase;
			buildActionMask = 2147483647;
			files = (
				A1E727DF1BB1466000C387F2 /* ViewController.swift in Sources */,
				A1E7280F1BB20A8100C387F2 /* Helpers.swift in Sources */,
				A1E7280D1BB146A400C387F2 /* HeartView.swift in Sources */,
				A1E727DD1BB1466000C387F2 /* AppDelegate.swift in Sources */,
			);
			runOnlyForDeploymentPostprocessing = 0;
		};
		A1E727E91BB1466000C387F2 /* Sources */ = {
			isa = PBXSourcesBuildPhase;
			buildActionMask = 2147483647;
			files = (
				A1E727F21BB1466000C387F2 /* FloatingHeartTests.swift in Sources */,
			);
			runOnlyForDeploymentPostprocessing = 0;
		};
		A1E727F41BB1466000C387F2 /* Sources */ = {
			isa = PBXSourcesBuildPhase;
			buildActionMask = 2147483647;
			files = (
				A1E727FD1BB1466000C387F2 /* FloatingHeartUITests.swift in Sources */,
			);
			runOnlyForDeploymentPostprocessing = 0;
		};
/* End PBXSourcesBuildPhase section */

/* Begin PBXTargetDependency section */
		A1E727EF1BB1466000C387F2 /* PBXTargetDependency */ = {
			isa = PBXTargetDependency;
			target = A1E727D81BB1466000C387F2 /* FloatingHeart */;
			targetProxy = A1E727EE1BB1466000C387F2 /* PBXContainerItemProxy */;
		};
		A1E727FA1BB1466000C387F2 /* PBXTargetDependency */ = {
			isa = PBXTargetDependency;
			target = A1E727D81BB1466000C387F2 /* FloatingHeart */;
			targetProxy = A1E727F91BB1466000C387F2 /* PBXContainerItemProxy */;
		};
/* End PBXTargetDependency section */

/* Begin PBXVariantGroup section */
		A1E727E01BB1466000C387F2 /* Main.storyboard */ = {
			isa = PBXVariantGroup;
			children = (
				A1E727E11BB1466000C387F2 /* Base */,
			);
			name = Main.storyboard;
			sourceTree = "<group>";
		};
		A1E727E51BB1466000C387F2 /* LaunchScreen.storyboard */ = {
			isa = PBXVariantGroup;
			children = (
				A1E727E61BB1466000C387F2 /* Base */,
			);
			name = LaunchScreen.storyboard;
			sourceTree = "<group>";
		};
/* End PBXVariantGroup section */

/* Begin XCBuildConfiguration section */
		A1E727FF1BB1466000C387F2 /* Debug */ = {
			isa = XCBuildConfiguration;
			buildSettings = {
				ALWAYS_SEARCH_USER_PATHS = NO;
				CLANG_CXX_LANGUAGE_STANDARD = "gnu++0x";
				CLANG_CXX_LIBRARY = "libc++";
				CLANG_ENABLE_MODULES = YES;
				CLANG_ENABLE_OBJC_ARC = YES;
				CLANG_WARN_BOOL_CONVERSION = YES;
				CLANG_WARN_CONSTANT_CONVERSION = YES;
				CLANG_WARN_DIRECT_OBJC_ISA_USAGE = YES_ERROR;
				CLANG_WARN_EMPTY_BODY = YES;
				CLANG_WARN_ENUM_CONVERSION = YES;
				CLANG_WARN_INT_CONVERSION = YES;
				CLANG_WARN_OBJC_ROOT_CLASS = YES_ERROR;
				CLANG_WARN_UNREACHABLE_CODE = YES;
				CLANG_WARN__DUPLICATE_METHOD_MATCH = YES;
				"CODE_SIGN_IDENTITY[sdk=iphoneos*]" = "iPhone Developer";
				COPY_PHASE_STRIP = NO;
				DEBUG_INFORMATION_FORMAT = dwarf;
				ENABLE_STRICT_OBJC_MSGSEND = YES;
				ENABLE_TESTABILITY = YES;
				GCC_C_LANGUAGE_STANDARD = gnu99;
				GCC_DYNAMIC_NO_PIC = NO;
				GCC_NO_COMMON_BLOCKS = YES;
				GCC_OPTIMIZATION_LEVEL = 0;
				GCC_PREPROCESSOR_DEFINITIONS = (
					"DEBUG=1",
					"$(inherited)",
				);
				GCC_WARN_64_TO_32_BIT_CONVERSION = YES;
				GCC_WARN_ABOUT_RETURN_TYPE = YES_ERROR;
				GCC_WARN_UNDECLARED_SELECTOR = YES;
				GCC_WARN_UNINITIALIZED_AUTOS = YES_AGGRESSIVE;
				GCC_WARN_UNUSED_FUNCTION = YES;
				GCC_WARN_UNUSED_VARIABLE = YES;
				IPHONEOS_DEPLOYMENT_TARGET = 9.0;
				MTL_ENABLE_DEBUG_INFO = YES;
				ONLY_ACTIVE_ARCH = YES;
				SDKROOT = iphoneos;
				SWIFT_OPTIMIZATION_LEVEL = "-Onone";
				TARGETED_DEVICE_FAMILY = "1,2";
			};
			name = Debug;
		};
		A1E728001BB1466000C387F2 /* Release */ = {
			isa = XCBuildConfiguration;
			buildSettings = {
				ALWAYS_SEARCH_USER_PATHS = NO;
				CLANG_CXX_LANGUAGE_STANDARD = "gnu++0x";
				CLANG_CXX_LIBRARY = "libc++";
				CLANG_ENABLE_MODULES = YES;
				CLANG_ENABLE_OBJC_ARC = YES;
				CLANG_WARN_BOOL_CONVERSION = YES;
				CLANG_WARN_CONSTANT_CONVERSION = YES;
				CLANG_WARN_DIRECT_OBJC_ISA_USAGE = YES_ERROR;
				CLANG_WARN_EMPTY_BODY = YES;
				CLANG_WARN_ENUM_CONVERSION = YES;
				CLANG_WARN_INT_CONVERSION = YES;
				CLANG_WARN_OBJC_ROOT_CLASS = YES_ERROR;
				CLANG_WARN_UNREACHABLE_CODE = YES;
				CLANG_WARN__DUPLICATE_METHOD_MATCH = YES;
				"CODE_SIGN_IDENTITY[sdk=iphoneos*]" = "iPhone Developer";
				COPY_PHASE_STRIP = NO;
				DEBUG_INFORMATION_FORMAT = "dwarf-with-dsym";
				ENABLE_NS_ASSERTIONS = NO;
				ENABLE_STRICT_OBJC_MSGSEND = YES;
				GCC_C_LANGUAGE_STANDARD = gnu99;
				GCC_NO_COMMON_BLOCKS = YES;
				GCC_WARN_64_TO_32_BIT_CONVERSION = YES;
				GCC_WARN_ABOUT_RETURN_TYPE = YES_ERROR;
				GCC_WARN_UNDECLARED_SELECTOR = YES;
				GCC_WARN_UNINITIALIZED_AUTOS = YES_AGGRESSIVE;
				GCC_WARN_UNUSED_FUNCTION = YES;
				GCC_WARN_UNUSED_VARIABLE = YES;
				IPHONEOS_DEPLOYMENT_TARGET = 9.0;
				MTL_ENABLE_DEBUG_INFO = NO;
				SDKROOT = iphoneos;
				TARGETED_DEVICE_FAMILY = "1,2";
				VALIDATE_PRODUCT = YES;
			};
			name = Release;
		};
		A1E728021BB1466000C387F2 /* Debug */ = {
			isa = XCBuildConfiguration;
			buildSettings = {
				ASSETCATALOG_COMPILER_APPICON_NAME = AppIcon;
				INFOPLIST_FILE = FloatingHeart/Info.plist;
				LD_RUNPATH_SEARCH_PATHS = "$(inherited) @executable_path/Frameworks";
				PRODUCT_BUNDLE_IDENTIFIER = net.saidmarouf.FloatingHeart;
				PRODUCT_NAME = "$(TARGET_NAME)";
			};
			name = Debug;
		};
		A1E728031BB1466000C387F2 /* Release */ = {
			isa = XCBuildConfiguration;
			buildSettings = {
				ASSETCATALOG_COMPILER_APPICON_NAME = AppIcon;
				INFOPLIST_FILE = FloatingHeart/Info.plist;
				LD_RUNPATH_SEARCH_PATHS = "$(inherited) @executable_path/Frameworks";
				PRODUCT_BUNDLE_IDENTIFIER = net.saidmarouf.FloatingHeart;
				PRODUCT_NAME = "$(TARGET_NAME)";
			};
			name = Release;
		};
		A1E728051BB1466000C387F2 /* Debug */ = {
			isa = XCBuildConfiguration;
			buildSettings = {
				BUNDLE_LOADER = "$(TEST_HOST)";
				INFOPLIST_FILE = FloatingHeartTests/Info.plist;
				LD_RUNPATH_SEARCH_PATHS = "$(inherited) @executable_path/Frameworks @loader_path/Frameworks";
				PRODUCT_BUNDLE_IDENTIFIER = net.saidmarouf.FloatingHeartTests;
				PRODUCT_NAME = "$(TARGET_NAME)";
				TEST_HOST = "$(BUILT_PRODUCTS_DIR)/FloatingHeart.app/FloatingHeart";
			};
			name = Debug;
		};
		A1E728061BB1466000C387F2 /* Release */ = {
			isa = XCBuildConfiguration;
			buildSettings = {
				BUNDLE_LOADER = "$(TEST_HOST)";
				INFOPLIST_FILE = FloatingHeartTests/Info.plist;
				LD_RUNPATH_SEARCH_PATHS = "$(inherited) @executable_path/Frameworks @loader_path/Frameworks";
				PRODUCT_BUNDLE_IDENTIFIER = net.saidmarouf.FloatingHeartTests;
				PRODUCT_NAME = "$(TARGET_NAME)";
				TEST_HOST = "$(BUILT_PRODUCTS_DIR)/FloatingHeart.app/FloatingHeart";
			};
			name = Release;
		};
		A1E728081BB1466000C387F2 /* Debug */ = {
			isa = XCBuildConfiguration;
			buildSettings = {
				INFOPLIST_FILE = FloatingHeartUITests/Info.plist;
				LD_RUNPATH_SEARCH_PATHS = "$(inherited) @executable_path/Frameworks @loader_path/Frameworks";
				PRODUCT_BUNDLE_IDENTIFIER = net.saidmarouf.FloatingHeartUITests;
				PRODUCT_NAME = "$(TARGET_NAME)";
				TEST_TARGET_NAME = FloatingHeart;
				USES_XCTRUNNER = YES;
			};
			name = Debug;
		};
		A1E728091BB1466000C387F2 /* Release */ = {
			isa = XCBuildConfiguration;
			buildSettings = {
				INFOPLIST_FILE = FloatingHeartUITests/Info.plist;
				LD_RUNPATH_SEARCH_PATHS = "$(inherited) @executable_path/Frameworks @loader_path/Frameworks";
				PRODUCT_BUNDLE_IDENTIFIER = net.saidmarouf.FloatingHeartUITests;
				PRODUCT_NAME = "$(TARGET_NAME)";
				TEST_TARGET_NAME = FloatingHeart;
				USES_XCTRUNNER = YES;
			};
			name = Release;
		};
/* End XCBuildConfiguration section */

/* Begin XCConfigurationList section */
		A1E727D41BB1466000C387F2 /* Build configuration list for PBXProject "FloatingHeart" */ = {
			isa = XCConfigurationList;
			buildConfigurations = (
				A1E727FF1BB1466000C387F2 /* Debug */,
				A1E728001BB1466000C387F2 /* Release */,
			);
			defaultConfigurationIsVisible = 0;
			defaultConfigurationName = Release;
		};
		A1E728011BB1466000C387F2 /* Build configuration list for PBXNativeTarget "FloatingHeart" */ = {
			isa = XCConfigurationList;
			buildConfigurations = (
				A1E728021BB1466000C387F2 /* Debug */,
				A1E728031BB1466000C387F2 /* Release */,
			);
			defaultConfigurationIsVisible = 0;
		};
		A1E728041BB1466000C387F2 /* Build configuration list for PBXNativeTarget "FloatingHeartTests" */ = {
			isa = XCConfigurationList;
			buildConfigurations = (
				A1E728051BB1466000C387F2 /* Debug */,
				A1E728061BB1466000C387F2 /* Release */,
			);
			defaultConfigurationIsVisible = 0;
		};
		A1E728071BB1466000C387F2 /* Build configuration list for PBXNativeTarget "FloatingHeartUITests" */ = {
			isa = XCConfigurationList;
			buildConfigurations = (
				A1E728081BB1466000C387F2 /* Debug */,
				A1E728091BB1466000C387F2 /* Release */,
			);
			defaultConfigurationIsVisible = 0;
		};
/* End XCConfigurationList section */
	};
	rootObject = A1E727D11BB1466000C387F2 /* Project object */;
}
